Microsoft Visual Studio Solution File, Format Version 12.00
# Visual Studio Version 17
VisualStudioVersion = 17.5.2.0
MinimumVisualStudioVersion = 10.0.40219.1
Project("{FAE04EC0-301F-11D3-BF4B-00C04F79EFBC}") = "CompanyService", "CompanyService.csproj", "{653EA349-C847-A0F7-2BBE-DCE6B949E13E}"
EndProject
Global
	GlobalSection(SolutionConfigurationPlatforms) = preSolution
		Debug|Any CPU = Debug|Any CPU
		Release|Any CPU = Release|Any CPU
	EndGlobalSection
	GlobalSection(ProjectConfigurationPlatforms) = postSolution
		{653EA349-C847-A0F7-2BBE-DCE6B949E13E}.Debug|Any CPU.ActiveCfg = Debug|Any CPU
		{653EA349-C847-A0F7-2BBE-DCE6B949E13E}.Debug|Any CPU.Build.0 = Debug|Any CPU
		{653EA349-C847-A0F7-2BBE-DCE6B949E13E}.Release|Any CPU.ActiveCfg = Release|Any CPU
		{653EA349-C847-A0F7-2BBE-DCE6B949E13E}.Release|Any CPU.Build.0 = Release|Any CPU
	EndGlobalSection
	GlobalSection(SolutionProperties) = preSolution
		HideSolutionNode = FALSE
	EndGlobalSection
	GlobalSection(ExtensibilityGlobals) = postSolution
		SolutionGuid = {95C913D7-E2D1-4C43-9442-B961550FBC68}
	EndGlobalSection
EndGlobal
